# THIS IS AN AUTOGENERATED FILE. DO NOT EDIT THIS FILE DIRECTLY.
# yarn lockfile v1


"@muyi086/git-commit-info@^1.0.17":
  version "1.0.17"
  resolved "https://registry.npmmirror.com/@muyi086/git-commit-info/-/git-commit-info-1.0.17.tgz#1698dc3c972a89849cdf53f25f25a82288a30a8b"
  integrity sha512-RsnjpTZtzDbqT3HBtDnFIxaP7ByXPNm1OBWPTJ3TsOoJ7c5w5/4fFPJ8EzFSS7c2O78eFp3F1vbN32AQydce5g==

"@types/node@^20.14.10":
  version "20.14.11"
  resolved "https://registry.npmmirror.com/@types/node/-/node-20.14.11.tgz#09b300423343460455043ddd4d0ded6ac579b74b"
  integrity sha512-kprQpL8MMeszbz6ojB5/tU8PLN4kesnN8Gjzw349rDlNgsSzg90lAVj3llK99Dh7JON+t9AuscPPFW6mPbTnSA==
  dependencies:
    undici-types "~5.26.4"

debug@^4.1.1:
  version "4.3.5"
  resolved "https://registry.npmmirror.com/debug/-/debug-4.3.5.tgz#e83444eceb9fedd4a1da56d671ae2446a01a6e1e"
  integrity sha512-pt0bNEmneDIvdL1Xsd9oDQ/wrQRkXDT4AUWlNZNPKvW5x/jyO9VFXkJUP07vQ2upmw5PlaITaPKc31jK13V+jg==
  dependencies:
    ms "2.1.2"

gitlog@^4.0.8:
  version "4.0.8"
  resolved "https://registry.npmmirror.com/gitlog/-/gitlog-4.0.8.tgz#a255e7d4cb7bc9603afab01c39bd71816c800c20"
  integrity sha512-FcTLP7Rc0H1vWXD+J/aj5JS1uiCEBblcYXlcacRAT73N26OMYFFzrBXYmDozmWlV2K7zwK5PrH16/nuRNhqSlQ==
  dependencies:
    debug "^4.1.1"
    tslib "^2.5.0"

ms@2.1.2:
  version "2.1.2"
  resolved "https://registry.npmmirror.com/ms/-/ms-2.1.2.tgz#d09d1f357b443f493382a8eb3ccd183872ae6009"
  integrity sha512-sGkPx+VjMtmA6MX27oA4FBFELFCZZ4S4XqeGOXCv68tT+jb3vk/RyaKWP0PTKyWtmLSM0b+adUTEvbs1PEaH2w==

tslib@^2.5.0:
  version "2.6.3"
  resolved "https://registry.npmmirror.com/tslib/-/tslib-2.6.3.tgz#0438f810ad7a9edcde7a241c3d80db693c8cbfe0"
  integrity sha512-xNvxJEOUiWPGhUuUdQgAJPKOOJfGnIyKySOc09XkKsgdUV/3E2zvwZYdejjmRgPCgcym1juLH3226yA7sEFJKQ==

undici-types@~5.26.4:
  version "5.26.5"
  resolved "https://registry.npmmirror.com/undici-types/-/undici-types-5.26.5.tgz#bcd539893d00b56e964fd2657a4866b221a65617"
  integrity sha512-JlCMO+ehdEIKqlFxk6IfVoAUVmgz7cU7zD/h9XZ0qzeosSHmUJVOzSQvvYSYWXkFXC+IfLKSIffhv0sVZup6pA==
